
Microsoft Visual Studio Solution File, Format Version 12.00
# Visual Studio Version 16
VisualStudioVersion = 16.0.29613.14
MinimumVisualStudioVersion = 10.0.40219.1
Project("{FAE04EC0-301F-11D3-BF4B-00C04F79EFBC}") = "Algorithms", "Algorithms\Algorithms.csproj", "{8443A623-F519-45EF-AD3D-B294F379B296}"
EndProject
Project("{FAE04EC0-301F-11D3-BF4B-00C04F79EFBC}") = "AlgorithmsTests", "AlgorithmsTests\AlgorithmsTests.csproj", "{63F022DD-8A1F-4773-9C78-7055465401FF}"
EndProject
Global
	GlobalSection(SolutionConfigurationPlatforms) = preSolution
		Debug|Any CPU = Debug|Any CPU
		Release|Any CPU = Release|Any CPU
	EndGlobalSection
	GlobalSection(ProjectConfigurationPlatforms) = postSolution
		{8443A623-F519-45EF-AD3D-B294F379B296}.Debug|Any CPU.ActiveCfg = Debug|Any CPU
		{8443A623-F519-45EF-AD3D-B294F379B296}.Debug|Any CPU.Build.0 = Debug|Any CPU
		{8443A623-F519-45EF-AD3D-B294F379B296}.Release|Any CPU.ActiveCfg = Release|Any CPU
		{8443A623-F519-45EF-AD3D-B294F379B296}.Release|Any CPU.Build.0 = Release|Any CPU
		{63F022DD-8A1F-4773-9C78-7055465401FF}.Debug|Any CPU.ActiveCfg = Debug|Any CPU
		{63F022DD-8A1F-4773-9C78-7055465401FF}.Debug|Any CPU.Build.0 = Debug|Any CPU
		{63F022DD-8A1F-4773-9C78-7055465401FF}.Release|Any CPU.ActiveCfg = Release|Any CPU
		{63F022DD-8A1F-4773-9C78-7055465401FF}.Release|Any CPU.Build.0 = Release|Any CPU
	EndGlobalSection
	GlobalSection(SolutionProperties) = preSolution
		HideSolutionNode = FALSE
	EndGlobalSection
	GlobalSection(ExtensibilityGlobals) = postSolution
		SolutionGuid = {3E2ED2AF-3DCB-4577-BE32-FD0AAA1B8B90}
	EndGlobalSection
EndGlobal
